
Microsoft Visual Studio Solution File, Format Version 12.00
# Visual Studio Version 17
VisualStudioVersion = 17.9.34622.214
MinimumVisualStudioVersion = 10.0.40219.1
Project("{9A19103F-16F7-4668-BE54-9A1E7A4F7556}") = "StoreManagement.Api", "StoreManagement.Api\StoreManagement.Api.csproj", "{0397DE72-1234-4E6B-8492-63934C4B0E06}"
EndProject
Project("{9A19103F-16F7-4668-BE54-9A1E7A4F7556}") = "StoreManagement.Database", "StoreManagement.Database\StoreManagement.Database.csproj", "{0BCE4196-7B60-4E62-B5D8-166E08F98432}"
EndProject
Project("{9A19103F-16F7-4668-BE54-9A1E7A4F7556}") = "StoreManagement.Core", "StoreManagement.Core\StoreManagement.Core.csproj", "{1A030333-DBF1-48F7-BB34-068E4A517E11}"
EndProject
Global
	GlobalSection(SolutionConfigurationPlatforms) = preSolution
		Debug|Any CPU = Debug|Any CPU
		Release|Any CPU = Release|Any CPU
	EndGlobalSection
	GlobalSection(ProjectConfigurationPlatforms) = postSolution
		{0397DE72-1234-4E6B-8492-63934C4B0E06}.Debug|Any CPU.ActiveCfg = Debug|Any CPU
		{0397DE72-1234-4E6B-8492-63934C4B0E06}.Debug|Any CPU.Build.0 = Debug|Any CPU
		{0397DE72-1234-4E6B-8492-63934C4B0E06}.Release|Any CPU.ActiveCfg = Release|Any CPU
		{0397DE72-1234-4E6B-8492-63934C4B0E06}.Release|Any CPU.Build.0 = Release|Any CPU
		{0BCE4196-7B60-4E62-B5D8-166E08F98432}.Debug|Any CPU.ActiveCfg = Debug|Any CPU
		{0BCE4196-7B60-4E62-B5D8-166E08F98432}.Debug|Any CPU.Build.0 = Debug|Any CPU
		{0BCE4196-7B60-4E62-B5D8-166E08F98432}.Release|Any CPU.ActiveCfg = Release|Any CPU
		{0BCE4196-7B60-4E62-B5D8-166E08F98432}.Release|Any CPU.Build.0 = Release|Any CPU
		{1A030333-DBF1-48F7-BB34-068E4A517E11}.Debug|Any CPU.ActiveCfg = Debug|Any CPU
		{1A030333-DBF1-48F7-BB34-068E4A517E11}.Debug|Any CPU.Build.0 = Debug|Any CPU
		{1A030333-DBF1-48F7-BB34-068E4A517E11}.Release|Any CPU.ActiveCfg = Release|Any CPU
		{1A030333-DBF1-48F7-BB34-068E4A517E11}.Release|Any CPU.Build.0 = Release|Any CPU
	EndGlobalSection
	GlobalSection(SolutionProperties) = preSolution
		HideSolutionNode = FALSE
	EndGlobalSection
	GlobalSection(ExtensibilityGlobals) = postSolution
		SolutionGuid = {06566CFE-EEAC-4422-A2D5-64F8F2310317}
	EndGlobalSection
EndGlobal
